// !$*UTF8*$!
{
	archiveVersion = 1;
	classes = {
	};
	objectVersion = 50;
	objects = {

/* Begin PBXBuildFile section */
		5B33FABE2665768800EA909E /* AppDelegate.swift in Sources */ = {isa = PBXBuildFile; fileRef = 5B33FABD2665768800EA909E /* AppDelegate.swift */; };
		5B33FAC02665768800EA909E /* SceneDelegate.swift in Sources */ = {isa = PBXBuildFile; fileRef = 5B33FABF2665768800EA909E /* SceneDelegate.swift */; };
		5B33FAC52665768800EA909E /* Main.storyboard in Resources */ = {isa = PBXBuildFile; fileRef = 5B33FAC32665768800EA909E /* Main.storyboard */; };
		5B33FAC72665768900EA909E /* Assets.xcassets in Resources */ = {isa = PBXBuildFile; fileRef = 5B33FAC62665768900EA909E /* Assets.xcassets */; };
		5B33FACA2665768900EA909E /* LaunchScreen.storyboard in Resources */ = {isa = PBXBuildFile; fileRef = 5B33FAC82665768900EA909E /* LaunchScreen.storyboard */; };
		5B3FD5732667A0F000ABB07E /* StartScreen.storyboard in Resources */ = {isa = PBXBuildFile; fileRef = 5B3FD5712667A0F000ABB07E /* StartScreen.storyboard */; };
		5B3FD5752667A13F00ABB07E /* GameScreen.storyboard in Resources */ = {isa = PBXBuildFile; fileRef = 5B3FD5742667A13F00ABB07E /* GameScreen.storyboard */; };
		5B3FD5782667A1CD00ABB07E /* HowToPlayScreen.storyboard in Resources */ = {isa = PBXBuildFile; fileRef = 5B3FD5762667A1CD00ABB07E /* HowToPlayScreen.storyboard */; };
		5B3FD57A2667A1FF00ABB07E /* ContentInfoScreen.storyboard in Resources */ = {isa = PBXBuildFile; fileRef = 5B3FD5792667A1FF00ABB07E /* ContentInfoScreen.storyboard */; };
		5B3FD5822667A33100ABB07E /* ContentInfoViewController.swift in Sources */ = {isa = PBXBuildFile; fileRef = 5B3FD5812667A33100ABB07E /* ContentInfoViewController.swift */; };
		5B3FD5842667A39B00ABB07E /* GameResults.storyboard in Resources */ = {isa = PBXBuildFile; fileRef = 5B3FD5832667A39B00ABB07E /* GameResults.storyboard */; };
		5B3FD5862667A54600ABB07E /* GameResultsViewController.swift in Sources */ = {isa = PBXBuildFile; fileRef = 5B3FD5852667A54600ABB07E /* GameResultsViewController.swift */; };
		5B3FD5882667A5C100ABB07E /* UIStoryboard+StoryboardNames.swift in Sources */ = {isa = PBXBuildFile; fileRef = 5B3FD5872667A5C100ABB07E /* UIStoryboard+StoryboardNames.swift */; };
		5B3FD58B2667A5DF00ABB07E /* StoryBoardNames.swift in Sources */ = {isa = PBXBuildFile; fileRef = 5B3FD58A2667A5DF00ABB07E /* StoryBoardNames.swift */; };
		5B3FD58D2667A67500ABB07E /* ViewControllerIdentifiers.swift in Sources */ = {isa = PBXBuildFile; fileRef = 5B3FD58C2667A67500ABB07E /* ViewControllerIdentifiers.swift */; };
		5B63D98C2668316E00F9BD85 /* Subject.swift in Sources */ = {isa = PBXBuildFile; fileRef = 5B63D98B2668316E00F9BD85 /* Subject.swift */; };
		5B7ABA212669451800117D7B /* ResultCell.swift in Sources */ = {isa = PBXBuildFile; fileRef = 5B7ABA202669451800117D7B /* ResultCell.swift */; };
		5B7ABA2426694D4900117D7B /* GameResultsDelegate.swift in Sources */ = {isa = PBXBuildFile; fileRef = 5B7ABA2326694D4900117D7B /* GameResultsDelegate.swift */; };
		5B7ABA262669662C00117D7B /* CellState.swift in Sources */ = {isa = PBXBuildFile; fileRef = 5B7ABA252669662C00117D7B /* CellState.swift */; };
		5B7ABA28266E7D4500117D7B /* CardsDatasource.swift in Sources */ = {isa = PBXBuildFile; fileRef = 5B7ABA27266E7D4500117D7B /* CardsDatasource.swift */; };
		5B7ABA2B266E7EFD00117D7B /* InMemoryCardDataSource.swift in Sources */ = {isa = PBXBuildFile; fileRef = 5B7ABA2A266E7EFD00117D7B /* InMemoryCardDataSource.swift */; };
		5BCF54B526670815007DF0A9 /* StartScreenViewController.swift in Sources */ = {isa = PBXBuildFile; fileRef = 5BCF54B426670815007DF0A9 /* StartScreenViewController.swift */; };
		5BCF54B8266711FB007DF0A9 /* UIButton.swift in Sources */ = {isa = PBXBuildFile; fileRef = 5BCF54B7266711FB007DF0A9 /* UIButton.swift */; };
		5BCF54BA26671207007DF0A9 /* UIColor.swift in Sources */ = {isa = PBXBuildFile; fileRef = 5BCF54B926671207007DF0A9 /* UIColor.swift */; };
		5BCF54BD266716AE007DF0A9 /* GameViewController.swift in Sources */ = {isa = PBXBuildFile; fileRef = 5BCF54BC266716AE007DF0A9 /* GameViewController.swift */; };
		5BEAF45F26798BF900D7BD2C /* HowToPlayViewController.swift in Sources */ = {isa = PBXBuildFile; fileRef = 5BEAF45E26798BF900D7BD2C /* HowToPlayViewController.swift */; };
		DB6345112667F20000E02A00 /* Card.swift in Sources */ = {isa = PBXBuildFile; fileRef = DB6345102667F20000E02A00 /* Card.swift */; };
/* End PBXBuildFile section */

/* Begin PBXFileReference section */
		5B33FABA2665768800EA909E /* NanoChallenge-MyFirstApp.app */ = {isa = PBXFileReference; explicitFileType = wrapper.application; includeInIndex = 0; path = "NanoChallenge-MyFirstApp.app"; sourceTree = BUILT_PRODUCTS_DIR; };
		5B33FABD2665768800EA909E /* AppDelegate.swift */ = {isa = PBXFileReference; lastKnownFileType = sourcecode.swift; path = AppDelegate.swift; sourceTree = "<group>"; };
		5B33FABF2665768800EA909E /* SceneDelegate.swift */ = {isa = PBXFileReference; lastKnownFileType = sourcecode.swift; path = SceneDelegate.swift; sourceTree = "<group>"; };
		5B33FAC42665768800EA909E /* Base */ = {isa = PBXFileReference; lastKnownFileType = file.storyboard; name = Base; path = Base.lproj/Main.storyboard; sourceTree = "<group>"; };
		5B33FAC62665768900EA909E /* Assets.xcassets */ = {isa = PBXFileReference; lastKnownFileType = folder.assetcatalog; path = Assets.xcassets; sourceTree = "<group>"; };
		5B33FAC92665768900EA909E /* Base */ = {isa = PBXFileReference; lastKnownFileType = file.storyboard; name = Base; path = Base.lproj/LaunchScreen.storyboard; sourceTree = "<group>"; };
		5B33FACB2665768900EA909E /* Info.plist */ = {isa = PBXFileReference; lastKnownFileType = text.plist.xml; path = Info.plist; sourceTree = "<group>"; };
		5B3FD5722667A0F000ABB07E /* Base */ = {isa = PBXFileReference; lastKnownFileType = file.storyboard; name = Base; path = "NanoChallenge-MyFirstApp/Base.lproj/StartScreen.storyboard"; sourceTree = "<group>"; };
		5B3FD5742667A13F00ABB07E /* GameScreen.storyboard */ = {isa = PBXFileReference; fileEncoding = 4; lastKnownFileType = file.storyboard; path = GameScreen.storyboard; sourceTree = "<group>"; };
		5B3FD5772667A1CD00ABB07E /* Base */ = {isa = PBXFileReference; lastKnownFileType = file.storyboard; name = Base; path = "NanoChallenge-MyFirstApp/Base.lproj/HowToPlayScreen.storyboard"; sourceTree = "<group>"; };
		5B3FD5792667A1FF00ABB07E /* ContentInfoScreen.storyboard */ = {isa = PBXFileReference; fileEncoding = 4; lastKnownFileType = file.storyboard; path = ContentInfoScreen.storyboard; sourceTree = "<group>"; };
		5B3FD5812667A33100ABB07E /* ContentInfoViewController.swift */ = {isa = PBXFileReference; lastKnownFileType = sourcecode.swift; path = ContentInfoViewController.swift; sourceTree = "<group>"; };
		5B3FD5832667A39B00ABB07E /* GameResults.storyboard */ = {isa = PBXFileReference; lastKnownFileType = file.storyboard; path = GameResults.storyboard; sourceTree = "<group>"; };
		5B3FD5852667A54600ABB07E /* GameResultsViewController.swift */ = {isa = PBXFileReference; lastKnownFileType = sourcecode.swift; path = GameResultsViewController.swift; sourceTree = "<group>"; };
		5B3FD5872667A5C100ABB07E /* UIStoryboard+StoryboardNames.swift */ = {isa = PBXFileReference; lastKnownFileType = sourcecode.swift; path = "UIStoryboard+StoryboardNames.swift"; sourceTree = "<group>"; };
		5B3FD58A2667A5DF00ABB07E /* StoryBoardNames.swift */ = {isa = PBXFileReference; lastKnownFileType = sourcecode.swift; path = StoryBoardNames.swift; sourceTree = "<group>"; };
		5B3FD58C2667A67500ABB07E /* ViewControllerIdentifiers.swift */ = {isa = PBXFileReference; lastKnownFileType = sourcecode.swift; path = ViewControllerIdentifiers.swift; sourceTree = "<group>"; };
		5B63D98B2668316E00F9BD85 /* Subject.swift */ = {isa = PBXFileReference; lastKnownFileType = sourcecode.swift; path = Subject.swift; sourceTree = "<group>"; };
		5B7ABA202669451800117D7B /* ResultCell.swift */ = {isa = PBXFileReference; lastKnownFileType = sourcecode.swift; path = ResultCell.swift; sourceTree = "<group>"; };
		5B7ABA2326694D4900117D7B /* GameResultsDelegate.swift */ = {isa = PBXFileReference; lastKnownFileType = sourcecode.swift; path = GameResultsDelegate.swift; sourceTree = "<group>"; };
		5B7ABA252669662C00117D7B /* CellState.swift */ = {isa = PBXFileReference; lastKnownFileType = sourcecode.swift; path = CellState.swift; sourceTree = "<group>"; };
		5B7ABA27266E7D4500117D7B /* CardsDatasource.swift */ = {isa = PBXFileReference; lastKnownFileType = sourcecode.swift; path = CardsDatasource.swift; sourceTree = "<group>"; };
		5B7ABA2A266E7EFD00117D7B /* InMemoryCardDataSource.swift */ = {isa = PBXFileReference; lastKnownFileType = sourcecode.swift; path = InMemoryCardDataSource.swift; sourceTree = "<group>"; };
		5BCF54B426670815007DF0A9 /* StartScreenViewController.swift */ = {isa = PBXFileReference; lastKnownFileType = sourcecode.swift; path = StartScreenViewController.swift; sourceTree = "<group>"; };
		5BCF54B7266711FB007DF0A9 /* UIButton.swift */ = {isa = PBXFileReference; lastKnownFileType = sourcecode.swift; path = UIButton.swift; sourceTree = "<group>"; };
		5BCF54B926671207007DF0A9 /* UIColor.swift */ = {isa = PBXFileReference; lastKnownFileType = sourcecode.swift; path = UIColor.swift; sourceTree = "<group>"; };
		5BCF54BC266716AE007DF0A9 /* GameViewController.swift */ = {isa = PBXFileReference; lastKnownFileType = sourcecode.swift; path = GameViewController.swift; sourceTree = "<group>"; };
		5BEAF45E26798BF900D7BD2C /* HowToPlayViewController.swift */ = {isa = PBXFileReference; lastKnownFileType = sourcecode.swift; path = HowToPlayViewController.swift; sourceTree = "<group>"; };
		DB6345102667F20000E02A00 /* Card.swift */ = {isa = PBXFileReference; lastKnownFileType = sourcecode.swift; path = Card.swift; sourceTree = "<group>"; };
/* End PBXFileReference section */

/* Begin PBXFrameworksBuildPhase section */
		5B33FAB72665768800EA909E /* Frameworks */ = {
			isa = PBXFrameworksBuildPhase;
			buildActionMask = 2147483647;
			files = (
			);
			runOnlyForDeploymentPostprocessing = 0;
		};
/* End PBXFrameworksBuildPhase section */

/* Begin PBXGroup section */
		5B33FAB12665768800EA909E = {
			isa = PBXGroup;
			children = (
				5B33FABC2665768800EA909E /* NanoChallenge-MyFirstApp */,
				5B33FABB2665768800EA909E /* Products */,
			);
			sourceTree = "<group>";
		};
		5B33FABB2665768800EA909E /* Products */ = {
			isa = PBXGroup;
			children = (
				5B33FABA2665768800EA909E /* NanoChallenge-MyFirstApp.app */,
			);
			name = Products;
			sourceTree = "<group>";
		};
		5B33FABC2665768800EA909E /* NanoChallenge-MyFirstApp */ = {
			isa = PBXGroup;
			children = (
				5B3FD5892667A5CD00ABB07E /* Models */,
				5BCF54B326670800007DF0A9 /* StartScreen */,
				5BCF54BB26671669007DF0A9 /* Game */,
				5BCF54B6266711BA007DF0A9 /* Extensions */,
				5B33FABD2665768800EA909E /* AppDelegate.swift */,
				5B33FABF2665768800EA909E /* SceneDelegate.swift */,
				5B33FAC32665768800EA909E /* Main.storyboard */,
				5B33FAC62665768900EA909E /* Assets.xcassets */,
				5B33FAC82665768900EA909E /* LaunchScreen.storyboard */,
				5B33FACB2665768900EA909E /* Info.plist */,
			);
			path = "NanoChallenge-MyFirstApp";
			sourceTree = "<group>";
		};
		5B3FD57D2667A29300ABB07E /* ViewControllers */ = {
			isa = PBXGroup;
			children = (
				5BCF54BC266716AE007DF0A9 /* GameViewController.swift */,
				5B3FD5812667A33100ABB07E /* ContentInfoViewController.swift */,
				5B3FD5852667A54600ABB07E /* GameResultsViewController.swift */,
			);
			path = ViewControllers;
			sourceTree = "<group>";
		};
		5B3FD57E2667A29C00ABB07E /* Views */ = {
			isa = PBXGroup;
			children = (
				5B3FD5742667A13F00ABB07E /* GameScreen.storyboard */,
				5B3FD5792667A1FF00ABB07E /* ContentInfoScreen.storyboard */,
				5B3FD5832667A39B00ABB07E /* GameResults.storyboard */,
				5B7ABA202669451800117D7B /* ResultCell.swift */,
			);
			path = Views;
			sourceTree = "<group>";
		};
		5B3FD57F2667A2FF00ABB07E /* Views */ = {
			isa = PBXGroup;
			children = (
				5B3FD5712667A0F000ABB07E /* StartScreen.storyboard */,
				5B3FD5762667A1CD00ABB07E /* HowToPlayScreen.storyboard */,
			);
			path = Views;
			sourceTree = "<group>";
		};
		5B3FD5802667A30C00ABB07E /* ViewControllers */ = {
			isa = PBXGroup;
			children = (
				5BCF54B426670815007DF0A9 /* StartScreenViewController.swift */,
				5BEAF45E26798BF900D7BD2C /* HowToPlayViewController.swift */,
			);
			path = ViewControllers;
			sourceTree = "<group>";
		};
		5B3FD5892667A5CD00ABB07E /* Models */ = {
			isa = PBXGroup;
			children = (
				5B3FD58A2667A5DF00ABB07E /* StoryBoardNames.swift */,
				5B3FD58C2667A67500ABB07E /* ViewControllerIdentifiers.swift */,
			);
			path = Models;
			sourceTree = "<group>";
		};
		5B7ABA2226694D3C00117D7B /* Protocols */ = {
			isa = PBXGroup;
			children = (
				5B7ABA2326694D4900117D7B /* GameResultsDelegate.swift */,
				5B7ABA27266E7D4500117D7B /* CardsDatasource.swift */,
			);
			path = Protocols;
			sourceTree = "<group>";
		};
		5B7ABA29266E7EE600117D7B /* Services */ = {
			isa = PBXGroup;
			children = (
				5B7ABA2A266E7EFD00117D7B /* InMemoryCardDataSource.swift */,
			);
			path = Services;
			sourceTree = "<group>";
		};
		5BCF54B326670800007DF0A9 /* StartScreen */ = {
			isa = PBXGroup;
			children = (
				5B3FD5802667A30C00ABB07E /* ViewControllers */,
				5B3FD57F2667A2FF00ABB07E /* Views */,
			);
			path = StartScreen;
			sourceTree = "<group>";
		};
		5BCF54B6266711BA007DF0A9 /* Extensions */ = {
			isa = PBXGroup;
			children = (
				5BCF54B7266711FB007DF0A9 /* UIButton.swift */,
				5BCF54B926671207007DF0A9 /* UIColor.swift */,
				5B3FD5872667A5C100ABB07E /* UIStoryboard+StoryboardNames.swift */,
			);
			path = Extensions;
			sourceTree = "<group>";
		};
		5BCF54BB26671669007DF0A9 /* Game */ = {
			isa = PBXGroup;
			children = (
				5B7ABA29266E7EE600117D7B /* Services */,
				5B7ABA2226694D3C00117D7B /* Protocols */,
				DB63450F2667F1E500E02A00 /* Models */,
				5B3FD57E2667A29C00ABB07E /* Views */,
				5B3FD57D2667A29300ABB07E /* ViewControllers */,
			);
			path = Game;
			sourceTree = "<group>";
		};
		DB63450F2667F1E500E02A00 /* Models */ = {
			isa = PBXGroup;
			children = (
				DB6345102667F20000E02A00 /* Card.swift */,
				5B63D98B2668316E00F9BD85 /* Subject.swift */,
				5B7ABA252669662C00117D7B /* CellState.swift */,
			);
			path = Models;
			sourceTree = "<group>";
		};
/* End PBXGroup section */

/* Begin PBXNativeTarget section */
		5B33FAB92665768800EA909E /* NanoChallenge-MyFirstApp */ = {
			isa = PBXNativeTarget;
			buildConfigurationList = 5B33FACE2665768900EA909E /* Build configuration list for PBXNativeTarget "NanoChallenge-MyFirstApp" */;
			buildPhases = (
				5B33FAB62665768800EA909E /* Sources */,
				5B33FAB72665768800EA909E /* Frameworks */,
				5B33FAB82665768800EA909E /* Resources */,
			);
			buildRules = (
			);
			dependencies = (
			);
			name = "NanoChallenge-MyFirstApp";
			productName = "NanoChallenge-MyFirstApp";
			productReference = 5B33FABA2665768800EA909E /* NanoChallenge-MyFirstApp.app */;
			productType = "com.apple.product-type.application";
		};
/* End PBXNativeTarget section */

/* Begin PBXProject section */
		5B33FAB22665768800EA909E /* Project object */ = {
			isa = PBXProject;
			attributes = {
				LastSwiftUpdateCheck = 1250;
				LastUpgradeCheck = 1250;
				TargetAttributes = {
					5B33FAB92665768800EA909E = {
						CreatedOnToolsVersion = 12.5;
					};
				};
			};
			buildConfigurationList = 5B33FAB52665768800EA909E /* Build configuration list for PBXProject "NanoChallenge-MyFirstApp" */;
			compatibilityVersion = "Xcode 9.3";
			developmentRegion = en;
			hasScannedForEncodings = 0;
			knownRegions = (
				en,
				Base,
			);
			mainGroup = 5B33FAB12665768800EA909E;
			productRefGroup = 5B33FABB2665768800EA909E /* Products */;
			projectDirPath = "";
			projectRoot = "";
			targets = (
				5B33FAB92665768800EA909E /* NanoChallenge-MyFirstApp */,
			);
		};
/* End PBXProject section */

/* Begin PBXResourcesBuildPhase section */
		5B33FAB82665768800EA909E /* Resources */ = {
			isa = PBXResourcesBuildPhase;
			buildActionMask = 2147483647;
			files = (
				5B33FACA2665768900EA909E /* LaunchScreen.storyboard in Resources */,
				5B3FD5842667A39B00ABB07E /* GameResults.storyboard in Resources */,
				5B33FAC72665768900EA909E /* Assets.xcassets in Resources */,
				5B3FD5782667A1CD00ABB07E /* HowToPlayScreen.storyboard in Resources */,
				5B33FAC52665768800EA909E /* Main.storyboard in Resources */,
				5B3FD57A2667A1FF00ABB07E /* ContentInfoScreen.storyboard in Resources */,
				5B3FD5732667A0F000ABB07E /* StartScreen.storyboard in Resources */,
				5B3FD5752667A13F00ABB07E /* GameScreen.storyboard in Resources */,
			);
			runOnlyForDeploymentPostprocessing = 0;
		};
/* End PBXResourcesBuildPhase section */

/* Begin PBXSourcesBuildPhase section */
		5B33FAB62665768800EA909E /* Sources */ = {
			isa = PBXSourcesBuildPhase;
			buildActionMask = 2147483647;
			files = (
				5B63D98C2668316E00F9BD85 /* Subject.swift in Sources */,
				5B3FD5882667A5C100ABB07E /* UIStoryboard+StoryboardNames.swift in Sources */,
				5B3FD5822667A33100ABB07E /* ContentInfoViewController.swift in Sources */,
				5B33FABE2665768800EA909E /* AppDelegate.swift in Sources */,
				5B7ABA2B266E7EFD00117D7B /* InMemoryCardDataSource.swift in Sources */,
				5BCF54BA26671207007DF0A9 /* UIColor.swift in Sources */,
				5BEAF45F26798BF900D7BD2C /* HowToPlayViewController.swift in Sources */,
				5B7ABA2426694D4900117D7B /* GameResultsDelegate.swift in Sources */,
				5B33FAC02665768800EA909E /* SceneDelegate.swift in Sources */,
				5BCF54B526670815007DF0A9 /* StartScreenViewController.swift in Sources */,
				5B3FD5862667A54600ABB07E /* GameResultsViewController.swift in Sources */,
				DB6345112667F20000E02A00 /* Card.swift in Sources */,
				5BCF54BD266716AE007DF0A9 /* GameViewController.swift in Sources */,
				5B7ABA262669662C00117D7B /* CellState.swift in Sources */,
				5BCF54B8266711FB007DF0A9 /* UIButton.swift in Sources */,
				5B7ABA28266E7D4500117D7B /* CardsDatasource.swift in Sources */,
				5B3FD58B2667A5DF00ABB07E /* StoryBoardNames.swift in Sources */,
				5B7ABA212669451800117D7B /* ResultCell.swift in Sources */,
				5B3FD58D2667A67500ABB07E /* ViewControllerIdentifiers.swift in Sources */,
			);
			runOnlyForDeploymentPostprocessing = 0;
		};
/* End PBXSourcesBuildPhase section */

/* Begin PBXVariantGroup section */
		5B33FAC32665768800EA909E /* Main.storyboard */ = {
			isa = PBXVariantGroup;
			children = (
				5B33FAC42665768800EA909E /* Base */,
			);
			name = Main.storyboard;
			sourceTree = "<group>";
		};
		5B33FAC82665768900EA909E /* LaunchScreen.storyboard */ = {
			isa = PBXVariantGroup;
			children = (
				5B33FAC92665768900EA909E /* Base */,
			);
			name = LaunchScreen.storyboard;
			sourceTree = "<group>";
		};
		5B3FD5712667A0F000ABB07E /* StartScreen.storyboard */ = {
			isa = PBXVariantGroup;
			children = (
				5B3FD5722667A0F000ABB07E /* Base */,
			);
			name = StartScreen.storyboard;
			sourceTree = "<group>";
		};
		5B3FD5762667A1CD00ABB07E /* HowToPlayScreen.storyboard */ = {
			isa = PBXVariantGroup;
			children = (
				5B3FD5772667A1CD00ABB07E /* Base */,
			);
			name = HowToPlayScreen.storyboard;
			sourceTree = "<group>";
		};
/* End PBXVariantGroup section */

/* Begin XCBuildConfiguration section */
		5B33FACC2665768900EA909E /* Debug */ = {
			isa = XCBuildConfiguration;
			buildSettings = {
				ALWAYS_SEARCH_USER_PATHS = NO;
				CLANG_ANALYZER_NONNULL = YES;
				CLANG_ANALYZER_NUMBER_OBJECT_CONVERSION = YES_AGGRESSIVE;
				CLANG_CXX_LANGUAGE_STANDARD = "gnu++14";
				CLANG_CXX_LIBRARY = "libc++";
				CLANG_ENABLE_MODULES = YES;
				CLANG_ENABLE_OBJC_ARC = YES;
				CLANG_ENABLE_OBJC_WEAK = YES;
				CLANG_WARN_BLOCK_CAPTURE_AUTORELEASING = YES;
				CLANG_WARN_BOOL_CONVERSION = YES;
				CLANG_WARN_COMMA = YES;
				CLANG_WARN_CONSTANT_CONVERSION = YES;
				CLANG_WARN_DEPRECATED_OBJC_IMPLEMENTATIONS = YES;
				CLANG_WARN_DIRECT_OBJC_ISA_USAGE = YES_ERROR;
				CLANG_WARN_DOCUMENTATION_COMMENTS = YES;
				CLANG_WARN_EMPTY_BODY = YES;
				CLANG_WARN_ENUM_CONVERSION = YES;
				CLANG_WARN_INFINITE_RECURSION = YES;
				CLANG_WARN_INT_CONVERSION = YES;
				CLANG_WARN_NON_LITERAL_NULL_CONVERSION = YES;
				CLANG_WARN_OBJC_IMPLICIT_RETAIN_SELF = YES;
				CLANG_WARN_OBJC_LITERAL_CONVERSION = YES;
				CLANG_WARN_OBJC_ROOT_CLASS = YES_ERROR;
				CLANG_WARN_QUOTED_INCLUDE_IN_FRAMEWORK_HEADER = YES;
				CLANG_WARN_RANGE_LOOP_ANALYSIS = YES;
				CLANG_WARN_STRICT_PROTOTYPES = YES;
				CLANG_WARN_SUSPICIOUS_MOVE = YES;
				CLANG_WARN_UNGUARDED_AVAILABILITY = YES_AGGRESSIVE;
				CLANG_WARN_UNREACHABLE_CODE = YES;
				CLANG_WARN__DUPLICATE_METHOD_MATCH = YES;
				COPY_PHASE_STRIP = NO;
				DEBUG_INFORMATION_FORMAT = dwarf;
				ENABLE_STRICT_OBJC_MSGSEND = YES;
				ENABLE_TESTABILITY = YES;
				GCC_C_LANGUAGE_STANDARD = gnu11;
				GCC_DYNAMIC_NO_PIC = NO;
				GCC_NO_COMMON_BLOCKS = YES;
				GCC_OPTIMIZATION_LEVEL = 0;
				GCC_PREPROCESSOR_DEFINITIONS = (
					"DEBUG=1",
					"$(inherited)",
				);
				GCC_WARN_64_TO_32_BIT_CONVERSION = YES;
				GCC_WARN_ABOUT_RETURN_TYPE = YES_ERROR;
				GCC_WARN_UNDECLARED_SELECTOR = YES;
				GCC_WARN_UNINITIALIZED_AUTOS = YES_AGGRESSIVE;
				GCC_WARN_UNUSED_FUNCTION = YES;
				GCC_WARN_UNUSED_VARIABLE = YES;
				IPHONEOS_DEPLOYMENT_TARGET = 14.5;
				MTL_ENABLE_DEBUG_INFO = INCLUDE_SOURCE;
				MTL_FAST_MATH = YES;
				ONLY_ACTIVE_ARCH = YES;
				SDKROOT = iphoneos;
				SWIFT_ACTIVE_COMPILATION_CONDITIONS = DEBUG;
				SWIFT_OPTIMIZATION_LEVEL = "-Onone";
			};
			name = Debug;
		};
		5B33FACD2665768900EA909E /* Release */ = {
			isa = XCBuildConfiguration;
			buildSettings = {
				ALWAYS_SEARCH_USER_PATHS = NO;
				CLANG_ANALYZER_NONNULL = YES;
				CLANG_ANALYZER_NUMBER_OBJECT_CONVERSION = YES_AGGRESSIVE;
				CLANG_CXX_LANGUAGE_STANDARD = "gnu++14";
				CLANG_CXX_LIBRARY = "libc++";
				CLANG_ENABLE_MODULES = YES;
				CLANG_ENABLE_OBJC_ARC = YES;
				CLANG_ENABLE_OBJC_WEAK = YES;
				CLANG_WARN_BLOCK_CAPTURE_AUTORELEASING = YES;
				CLANG_WARN_BOOL_CONVERSION = YES;
				CLANG_WARN_COMMA = YES;
				CLANG_WARN_CONSTANT_CONVERSION = YES;
				CLANG_WARN_DEPRECATED_OBJC_IMPLEMENTATIONS = YES;
				CLANG_WARN_DIRECT_OBJC_ISA_USAGE = YES_ERROR;
				CLANG_WARN_DOCUMENTATION_COMMENTS = YES;
				CLANG_WARN_EMPTY_BODY = YES;
				CLANG_WARN_ENUM_CONVERSION = YES;
				CLANG_WARN_INFINITE_RECURSION = YES;
				CLANG_WARN_INT_CONVERSION = YES;
				CLANG_WARN_NON_LITERAL_NULL_CONVERSION = YES;
				CLANG_WARN_OBJC_IMPLICIT_RETAIN_SELF = YES;
				CLANG_WARN_OBJC_LITERAL_CONVERSION = YES;
				CLANG_WARN_OBJC_ROOT_CLASS = YES_ERROR;
				CLANG_WARN_QUOTED_INCLUDE_IN_FRAMEWORK_HEADER = YES;
				CLANG_WARN_RANGE_LOOP_ANALYSIS = YES;
				CLANG_WARN_STRICT_PROTOTYPES = YES;
				CLANG_WARN_SUSPICIOUS_MOVE = YES;
				CLANG_WARN_UNGUARDED_AVAILABILITY = YES_AGGRESSIVE;
				CLANG_WARN_UNREACHABLE_CODE = YES;
				CLANG_WARN__DUPLICATE_METHOD_MATCH = YES;
				COPY_PHASE_STRIP = NO;
				DEBUG_INFORMATION_FORMAT = "dwarf-with-dsym";
				ENABLE_NS_ASSERTIONS = NO;
				ENABLE_STRICT_OBJC_MSGSEND = YES;
				GCC_C_LANGUAGE_STANDARD = gnu11;
				GCC_NO_COMMON_BLOCKS = YES;
				GCC_WARN_64_TO_32_BIT_CONVERSION = YES;
				GCC_WARN_ABOUT_RETURN_TYPE = YES_ERROR;
				GCC_WARN_UNDECLARED_SELECTOR = YES;
				GCC_WARN_UNINITIALIZED_AUTOS = YES_AGGRESSIVE;
				GCC_WARN_UNUSED_FUNCTION = YES;
				GCC_WARN_UNUSED_VARIABLE = YES;
				IPHONEOS_DEPLOYMENT_TARGET = 14.5;
				MTL_ENABLE_DEBUG_INFO = NO;
				MTL_FAST_MATH = YES;
				SDKROOT = iphoneos;
				SWIFT_COMPILATION_MODE = wholemodule;
				SWIFT_OPTIMIZATION_LEVEL = "-O";
				VALIDATE_PRODUCT = YES;
			};
			name = Release;
		};
		5B33FACF2665768900EA909E /* Debug */ = {
			isa = XCBuildConfiguration;
			buildSettings = {
				ASSETCATALOG_COMPILER_APPICON_NAME = AppIcon;
				ASSETCATALOG_COMPILER_GLOBAL_ACCENT_COLOR_NAME = AccentColor;
				CODE_SIGN_STYLE = Automatic;
				DEVELOPMENT_TEAM = WK7599VNDW;
				INFOPLIST_FILE = "NanoChallenge-MyFirstApp/Info.plist";
				IPHONEOS_DEPLOYMENT_TARGET = 14.4;
				LD_RUNPATH_SEARCH_PATHS = (
					"$(inherited)",
					"@executable_path/Frameworks",
				);
				MARKETING_VERSION = 1.0.2;
				PRODUCT_BUNDLE_IDENTIFIER = "com.gbrlcm.NanoChallenge-MyFirstApp";
				PRODUCT_NAME = "$(TARGET_NAME)";
				SWIFT_VERSION = 5.0;
				TARGETED_DEVICE_FAMILY = 1;
			};
			name = Debug;
		};
		5B33FAD02665768900EA909E /* Release */ = {
			isa = XCBuildConfiguration;
			buildSettings = {
				ASSETCATALOG_COMPILER_APPICON_NAME = AppIcon;
				ASSETCATALOG_COMPILER_GLOBAL_ACCENT_COLOR_NAME = AccentColor;
				CODE_SIGN_STYLE = Automatic;
				DEVELOPMENT_TEAM = WK7599VNDW;
				INFOPLIST_FILE = "NanoChallenge-MyFirstApp/Info.plist";
				IPHONEOS_DEPLOYMENT_TARGET = 14.4;
				LD_RUNPATH_SEARCH_PATHS = (
					"$(inherited)",
					"@executable_path/Frameworks",
				);
				MARKETING_VERSION = 1.0.2;
				PRODUCT_BUNDLE_IDENTIFIER = "com.gbrlcm.NanoChallenge-MyFirstApp";
				PRODUCT_NAME = "$(TARGET_NAME)";
				SWIFT_VERSION = 5.0;
				TARGETED_DEVICE_FAMILY = 1;
			};
			name = Release;
		};
/* End XCBuildConfiguration section */

/* Begin XCConfigurationList section */
		5B33FAB52665768800EA909E /* Build configuration list for PBXProject "NanoChallenge-MyFirstApp" */ = {
			isa = XCConfigurationList;
			buildConfigurations = (
				5B33FACC2665768900EA909E /* Debug */,
				5B33FACD2665768900EA909E /* Release */,
			);
			defaultConfigurationIsVisible = 0;
			defaultConfigurationName = Release;
		};
		5B33FACE2665768900EA909E /* Build configuration list for PBXNativeTarget "NanoChallenge-MyFirstApp" */ = {
			isa = XCConfigurationList;
			buildConfigurations = (
				5B33FACF2665768900EA909E /* Debug */,
				5B33FAD02665768900EA909E /* Release */,
			);
			defaultConfigurationIsVisible = 0;
			defaultConfigurationName = Release;
		};
/* End XCConfigurationList section */
	};
	rootObject = 5B33FAB22665768800EA909E /* Project object */;
}
